
Microsoft Visual Studio Solution File, Format Version 12.00
# Visual Studio Version 16
VisualStudioVersion = 16.0.31613.86
MinimumVisualStudioVersion = 10.0.40219.1
Project("{F2A71F9B-5D33-465A-A702-920D77279786}") = "IchLerneDeutsch", "IchLerneDeutsch\IchLerneDeutsch.fsproj", "{0BF0D3F7-7306-469C-9A68-BD0CF43F69CD}"
EndProject
Global
	GlobalSection(SolutionConfigurationPlatforms) = preSolution
		Debug|Any CPU = Debug|Any CPU
		Release|Any CPU = Release|Any CPU
	EndGlobalSection
	GlobalSection(ProjectConfigurationPlatforms) = postSolution
		{0BF0D3F7-7306-469C-9A68-BD0CF43F69CD}.Debug|Any CPU.ActiveCfg = Debug|Any CPU
		{0BF0D3F7-7306-469C-9A68-BD0CF43F69CD}.Debug|Any CPU.Build.0 = Debug|Any CPU
		{0BF0D3F7-7306-469C-9A68-BD0CF43F69CD}.Release|Any CPU.ActiveCfg = Release|Any CPU
		{0BF0D3F7-7306-469C-9A68-BD0CF43F69CD}.Release|Any CPU.Build.0 = Release|Any CPU
	EndGlobalSection
	GlobalSection(SolutionProperties) = preSolution
		HideSolutionNode = FALSE
	EndGlobalSection
	GlobalSection(ExtensibilityGlobals) = postSolution
		SolutionGuid = {627D1107-EF88-4F76-9253-51BC963905E8}
	EndGlobalSection
EndGlobal
